// !$*UTF8*$!
{
	archiveVersion = 1;
	classes = {
	};
	objectVersion = 56;
	objects = {

/* Begin PBXBuildFile section */
		1FBBDC6E2B36510E0051E85E /* AppDelegate.swift in Sources */ = {isa = PBXBuildFile; fileRef = 1FBBDC6D2B36510E0051E85E /* AppDelegate.swift */; };
		1FBBDC702B36510E0051E85E /* SceneDelegate.swift in Sources */ = {isa = PBXBuildFile; fileRef = 1FBBDC6F2B36510E0051E85E /* SceneDelegate.swift */; };
		1FBBDC722B36510E0051E85E /* ViewController.swift in Sources */ = {isa = PBXBuildFile; fileRef = 1FBBDC712B36510E0051E85E /* ViewController.swift */; };
		1FBBDC752B36510E0051E85E /* Main.storyboard in Resources */ = {isa = PBXBuildFile; fileRef = 1FBBDC732B36510E0051E85E /* Main.storyboard */; };
		1FBBDC772B3651100051E85E /* Assets.xcassets in Resources */ = {isa = PBXBuildFile; fileRef = 1FBBDC762B3651100051E85E /* Assets.xcassets */; };
		1FBBDC7A2B3651100051E85E /* LaunchScreen.storyboard in Resources */ = {isa = PBXBuildFile; fileRef = 1FBBDC782B3651100051E85E /* LaunchScreen.storyboard */; };
		1FBBDC822B3674770051E85E /* SearchTableViewCell.swift in Sources */ = {isa = PBXBuildFile; fileRef = 1FBBDC812B3674770051E85E /* SearchTableViewCell.swift */; };
		1FBBDC842B3679980051E85E /* DetailViewController.swift in Sources */ = {isa = PBXBuildFile; fileRef = 1FBBDC832B3679980051E85E /* DetailViewController.swift */; };
		1FBBDC862B3766560051E85E /* Service.swift in Sources */ = {isa = PBXBuildFile; fileRef = 1FBBDC852B3766560051E85E /* Service.swift */; };
		1FBBDC882B3766600051E85E /* Models.swift in Sources */ = {isa = PBXBuildFile; fileRef = 1FBBDC872B3766600051E85E /* Models.swift */; };
		4B7CCA18269D3579B32685C3 /* Pods_Skillbox_M19.framework in Frameworks */ = {isa = PBXBuildFile; fileRef = DB019D979C1F541A35E844E7 /* Pods_Skillbox_M19.framework */; };
/* End PBXBuildFile section */

/* Begin PBXFileReference section */
		1FBBDC6A2B36510E0051E85E /* Skillbox-M19.app */ = {isa = PBXFileReference; explicitFileType = wrapper.application; includeInIndex = 0; path = "Skillbox-M19.app"; sourceTree = BUILT_PRODUCTS_DIR; };
		1FBBDC6D2B36510E0051E85E /* AppDelegate.swift */ = {isa = PBXFileReference; lastKnownFileType = sourcecode.swift; path = AppDelegate.swift; sourceTree = "<group>"; };
		1FBBDC6F2B36510E0051E85E /* SceneDelegate.swift */ = {isa = PBXFileReference; lastKnownFileType = sourcecode.swift; path = SceneDelegate.swift; sourceTree = "<group>"; };
		1FBBDC712B36510E0051E85E /* ViewController.swift */ = {isa = PBXFileReference; lastKnownFileType = sourcecode.swift; path = ViewController.swift; sourceTree = "<group>"; };
		1FBBDC742B36510E0051E85E /* Base */ = {isa = PBXFileReference; lastKnownFileType = file.storyboard; name = Base; path = Base.lproj/Main.storyboard; sourceTree = "<group>"; };
		1FBBDC762B3651100051E85E /* Assets.xcassets */ = {isa = PBXFileReference; lastKnownFileType = folder.assetcatalog; path = Assets.xcassets; sourceTree = "<group>"; };
		1FBBDC792B3651100051E85E /* Base */ = {isa = PBXFileReference; lastKnownFileType = file.storyboard; name = Base; path = Base.lproj/LaunchScreen.storyboard; sourceTree = "<group>"; };
		1FBBDC7B2B3651100051E85E /* Info.plist */ = {isa = PBXFileReference; lastKnownFileType = text.plist.xml; path = Info.plist; sourceTree = "<group>"; };
		1FBBDC812B3674770051E85E /* SearchTableViewCell.swift */ = {isa = PBXFileReference; lastKnownFileType = sourcecode.swift; path = SearchTableViewCell.swift; sourceTree = "<group>"; };
		1FBBDC832B3679980051E85E /* DetailViewController.swift */ = {isa = PBXFileReference; lastKnownFileType = sourcecode.swift; path = DetailViewController.swift; sourceTree = "<group>"; };
		1FBBDC852B3766560051E85E /* Service.swift */ = {isa = PBXFileReference; lastKnownFileType = sourcecode.swift; path = Service.swift; sourceTree = "<group>"; };
		1FBBDC872B3766600051E85E /* Models.swift */ = {isa = PBXFileReference; lastKnownFileType = sourcecode.swift; path = Models.swift; sourceTree = "<group>"; };
		2330E4475378D562C5389425 /* Pods-Skillbox-M19.debug.xcconfig */ = {isa = PBXFileReference; includeInIndex = 1; lastKnownFileType = text.xcconfig; name = "Pods-Skillbox-M19.debug.xcconfig"; path = "Target Support Files/Pods-Skillbox-M19/Pods-Skillbox-M19.debug.xcconfig"; sourceTree = "<group>"; };
		90CF03A0D56009A5B4B98DEE /* Pods-Skillbox-M19.release.xcconfig */ = {isa = PBXFileReference; includeInIndex = 1; lastKnownFileType = text.xcconfig; name = "Pods-Skillbox-M19.release.xcconfig"; path = "Target Support Files/Pods-Skillbox-M19/Pods-Skillbox-M19.release.xcconfig"; sourceTree = "<group>"; };
		DB019D979C1F541A35E844E7 /* Pods_Skillbox_M19.framework */ = {isa = PBXFileReference; explicitFileType = wrapper.framework; includeInIndex = 0; path = Pods_Skillbox_M19.framework; sourceTree = BUILT_PRODUCTS_DIR; };
/* End PBXFileReference section */

/* Begin PBXFrameworksBuildPhase section */
		1FBBDC672B36510E0051E85E /* Frameworks */ = {
			isa = PBXFrameworksBuildPhase;
			buildActionMask = 2147483647;
			files = (
				4B7CCA18269D3579B32685C3 /* Pods_Skillbox_M19.framework in Frameworks */,
			);
			runOnlyForDeploymentPostprocessing = 0;
		};
/* End PBXFrameworksBuildPhase section */

/* Begin PBXGroup section */
		1FBBDC612B36510E0051E85E = {
			isa = PBXGroup;
			children = (
				1FBBDC6C2B36510E0051E85E /* Skillbox-M19 */,
				1FBBDC6B2B36510E0051E85E /* Products */,
				7D6FD1B9ED2BEE54A129B40B /* Pods */,
				D238B51A6E079E1A9B1F1507 /* Frameworks */,
			);
			sourceTree = "<group>";
		};
		1FBBDC6B2B36510E0051E85E /* Products */ = {
			isa = PBXGroup;
			children = (
				1FBBDC6A2B36510E0051E85E /* Skillbox-M19.app */,
			);
			name = Products;
			sourceTree = "<group>";
		};
		1FBBDC6C2B36510E0051E85E /* Skillbox-M19 */ = {
			isa = PBXGroup;
			children = (
				1FBBDC6D2B36510E0051E85E /* AppDelegate.swift */,
				1FBBDC6F2B36510E0051E85E /* SceneDelegate.swift */,
				1FBBDC872B3766600051E85E /* Models.swift */,
				1FBBDC852B3766560051E85E /* Service.swift */,
				1FBBDC712B36510E0051E85E /* ViewController.swift */,
				1FBBDC812B3674770051E85E /* SearchTableViewCell.swift */,
				1FBBDC832B3679980051E85E /* DetailViewController.swift */,
				1FBBDC732B36510E0051E85E /* Main.storyboard */,
				1FBBDC762B3651100051E85E /* Assets.xcassets */,
				1FBBDC782B3651100051E85E /* LaunchScreen.storyboard */,
				1FBBDC7B2B3651100051E85E /* Info.plist */,
			);
			path = "Skillbox-M19";
			sourceTree = "<group>";
		};
		7D6FD1B9ED2BEE54A129B40B /* Pods */ = {
			isa = PBXGroup;
			children = (
				2330E4475378D562C5389425 /* Pods-Skillbox-M19.debug.xcconfig */,
				90CF03A0D56009A5B4B98DEE /* Pods-Skillbox-M19.release.xcconfig */,
			);
			path = Pods;
			sourceTree = "<group>";
		};
		D238B51A6E079E1A9B1F1507 /* Frameworks */ = {
			isa = PBXGroup;
			children = (
				DB019D979C1F541A35E844E7 /* Pods_Skillbox_M19.framework */,
			);
			name = Frameworks;
			sourceTree = "<group>";
		};
/* End PBXGroup section */

/* Begin PBXNativeTarget section */
		1FBBDC692B36510E0051E85E /* Skillbox-M19 */ = {
			isa = PBXNativeTarget;
			buildConfigurationList = 1FBBDC7E2B3651100051E85E /* Build configuration list for PBXNativeTarget "Skillbox-M19" */;
			buildPhases = (
				590C1AAE348E4CBDAA1BBFB5 /* [CP] Check Pods Manifest.lock */,
				1FBBDC662B36510E0051E85E /* Sources */,
				1FBBDC672B36510E0051E85E /* Frameworks */,
				1FBBDC682B36510E0051E85E /* Resources */,
				CF38DEF0CC6A7F0031D5A6A5 /* [CP] Embed Pods Frameworks */,
			);
			buildRules = (
			);
			dependencies = (
			);
			name = "Skillbox-M19";
			productName = "Skillbox-M19";
			productReference = 1FBBDC6A2B36510E0051E85E /* Skillbox-M19.app */;
			productType = "com.apple.product-type.application";
		};
/* End PBXNativeTarget section */

/* Begin PBXProject section */
		1FBBDC622B36510E0051E85E /* Project object */ = {
			isa = PBXProject;
			attributes = {
				BuildIndependentTargetsInParallel = 1;
				LastSwiftUpdateCheck = 1510;
				LastUpgradeCheck = 1510;
				TargetAttributes = {
					1FBBDC692B36510E0051E85E = {
						CreatedOnToolsVersion = 15.1;
					};
				};
			};
			buildConfigurationList = 1FBBDC652B36510E0051E85E /* Build configuration list for PBXProject "Skillbox-M19" */;
			compatibilityVersion = "Xcode 14.0";
			developmentRegion = en;
			hasScannedForEncodings = 0;
			knownRegions = (
				en,
				Base,
			);
			mainGroup = 1FBBDC612B36510E0051E85E;
			productRefGroup = 1FBBDC6B2B36510E0051E85E /* Products */;
			projectDirPath = "";
			projectRoot = "";
			targets = (
				1FBBDC692B36510E0051E85E /* Skillbox-M19 */,
			);
		};
/* End PBXProject section */

/* Begin PBXResourcesBuildPhase section */
		1FBBDC682B36510E0051E85E /* Resources */ = {
			isa = PBXResourcesBuildPhase;
			buildActionMask = 2147483647;
			files = (
				1FBBDC7A2B3651100051E85E /* LaunchScreen.storyboard in Resources */,
				1FBBDC772B3651100051E85E /* Assets.xcassets in Resources */,
				1FBBDC752B36510E0051E85E /* Main.storyboard in Resources */,
			);
			runOnlyForDeploymentPostprocessing = 0;
		};
/* End PBXResourcesBuildPhase section */

/* Begin PBXShellScriptBuildPhase section */
		590C1AAE348E4CBDAA1BBFB5 /* [CP] Check Pods Manifest.lock */ = {
			isa = PBXShellScriptBuildPhase;
			buildActionMask = 2147483647;
			files = (
			);
			inputFileListPaths = (
			);
			inputPaths = (
				"${PODS_PODFILE_DIR_PATH}/Podfile.lock",
				"${PODS_ROOT}/Manifest.lock",
			);
			name = "[CP] Check Pods Manifest.lock";
			outputFileListPaths = (
			);
			outputPaths = (
				"$(DERIVED_FILE_DIR)/Pods-Skillbox-M19-checkManifestLockResult.txt",
			);
			runOnlyForDeploymentPostprocessing = 0;
			shellPath = /bin/sh;
			shellScript = "diff \"${PODS_PODFILE_DIR_PATH}/Podfile.lock\" \"${PODS_ROOT}/Manifest.lock\" > /dev/null\nif [ $? != 0 ] ; then\n    # print error to STDERR\n    echo \"error: The sandbox is not in sync with the Podfile.lock. Run 'pod install' or update your CocoaPods installation.\" >&2\n    exit 1\nfi\n# This output is used by Xcode 'outputs' to avoid re-running this script phase.\necho \"SUCCESS\" > \"${SCRIPT_OUTPUT_FILE_0}\"\n";
			showEnvVarsInLog = 0;
		};
		CF38DEF0CC6A7F0031D5A6A5 /* [CP] Embed Pods Frameworks */ = {
			isa = PBXShellScriptBuildPhase;
			buildActionMask = 2147483647;
			files = (
			);
			inputFileListPaths = (
				"${PODS_ROOT}/Target Support Files/Pods-Skillbox-M19/Pods-Skillbox-M19-frameworks-${CONFIGURATION}-input-files.xcfilelist",
			);
			name = "[CP] Embed Pods Frameworks";
			outputFileListPaths = (
				"${PODS_ROOT}/Target Support Files/Pods-Skillbox-M19/Pods-Skillbox-M19-frameworks-${CONFIGURATION}-output-files.xcfilelist",
			);
			runOnlyForDeploymentPostprocessing = 0;
			shellPath = /bin/sh;
			shellScript = "\"${PODS_ROOT}/Target Support Files/Pods-Skillbox-M19/Pods-Skillbox-M19-frameworks.sh\"\n";
			showEnvVarsInLog = 0;
		};
/* End PBXShellScriptBuildPhase section */

/* Begin PBXSourcesBuildPhase section */
		1FBBDC662B36510E0051E85E /* Sources */ = {
			isa = PBXSourcesBuildPhase;
			buildActionMask = 2147483647;
			files = (
				1FBBDC882B3766600051E85E /* Models.swift in Sources */,
				1FBBDC722B36510E0051E85E /* ViewController.swift in Sources */,
				1FBBDC822B3674770051E85E /* SearchTableViewCell.swift in Sources */,
				1FBBDC842B3679980051E85E /* DetailViewController.swift in Sources */,
				1FBBDC6E2B36510E0051E85E /* AppDelegate.swift in Sources */,
				1FBBDC702B36510E0051E85E /* SceneDelegate.swift in Sources */,
				1FBBDC862B3766560051E85E /* Service.swift in Sources */,
			);
			runOnlyForDeploymentPostprocessing = 0;
		};
/* End PBXSourcesBuildPhase section */

/* Begin PBXVariantGroup section */
		1FBBDC732B36510E0051E85E /* Main.storyboard */ = {
			isa = PBXVariantGroup;
			children = (
				1FBBDC742B36510E0051E85E /* Base */,
			);
			name = Main.storyboard;
			sourceTree = "<group>";
		};
		1FBBDC782B3651100051E85E /* LaunchScreen.storyboard */ = {
			isa = PBXVariantGroup;
			children = (
				1FBBDC792B3651100051E85E /* Base */,
			);
			name = LaunchScreen.storyboard;
			sourceTree = "<group>";
		};
/* End PBXVariantGroup section */

/* Begin XCBuildConfiguration section */
		1FBBDC7C2B3651100051E85E /* Debug */ = {
			isa = XCBuildConfiguration;
			buildSettings = {
				ALWAYS_SEARCH_USER_PATHS = NO;
				ASSETCATALOG_COMPILER_GENERATE_SWIFT_ASSET_SYMBOL_EXTENSIONS = YES;
				CLANG_ANALYZER_NONNULL = YES;
				CLANG_ANALYZER_NUMBER_OBJECT_CONVERSION = YES_AGGRESSIVE;
				CLANG_CXX_LANGUAGE_STANDARD = "gnu++20";
				CLANG_ENABLE_MODULES = YES;
				CLANG_ENABLE_OBJC_ARC = YES;
				CLANG_ENABLE_OBJC_WEAK = YES;
				CLANG_WARN_BLOCK_CAPTURE_AUTORELEASING = YES;
				CLANG_WARN_BOOL_CONVERSION = YES;
				CLANG_WARN_COMMA = YES;
				CLANG_WARN_CONSTANT_CONVERSION = YES;
				CLANG_WARN_DEPRECATED_OBJC_IMPLEMENTATIONS = YES;
				CLANG_WARN_DIRECT_OBJC_ISA_USAGE = YES_ERROR;
				CLANG_WARN_DOCUMENTATION_COMMENTS = YES;
				CLANG_WARN_EMPTY_BODY = YES;
				CLANG_WARN_ENUM_CONVERSION = YES;
				CLANG_WARN_INFINITE_RECURSION = YES;
				CLANG_WARN_INT_CONVERSION = YES;
				CLANG_WARN_NON_LITERAL_NULL_CONVERSION = YES;
				CLANG_WARN_OBJC_IMPLICIT_RETAIN_SELF = YES;
				CLANG_WARN_OBJC_LITERAL_CONVERSION = YES;
				CLANG_WARN_OBJC_ROOT_CLASS = YES_ERROR;
				CLANG_WARN_QUOTED_INCLUDE_IN_FRAMEWORK_HEADER = YES;
				CLANG_WARN_RANGE_LOOP_ANALYSIS = YES;
				CLANG_WARN_STRICT_PROTOTYPES = YES;
				CLANG_WARN_SUSPICIOUS_MOVE = YES;
				CLANG_WARN_UNGUARDED_AVAILABILITY = YES_AGGRESSIVE;
				CLANG_WARN_UNREACHABLE_CODE = YES;
				CLANG_WARN__DUPLICATE_METHOD_MATCH = YES;
				COPY_PHASE_STRIP = NO;
				DEBUG_INFORMATION_FORMAT = dwarf;
				ENABLE_STRICT_OBJC_MSGSEND = YES;
				ENABLE_TESTABILITY = YES;
				ENABLE_USER_SCRIPT_SANDBOXING = NO;
				GCC_C_LANGUAGE_STANDARD = gnu17;
				GCC_DYNAMIC_NO_PIC = NO;
				GCC_NO_COMMON_BLOCKS = YES;
				GCC_OPTIMIZATION_LEVEL = 0;
				GCC_PREPROCESSOR_DEFINITIONS = (
					"DEBUG=1",
					"$(inherited)",
				);
				GCC_WARN_64_TO_32_BIT_CONVERSION = YES;
				GCC_WARN_ABOUT_RETURN_TYPE = YES_ERROR;
				GCC_WARN_UNDECLARED_SELECTOR = YES;
				GCC_WARN_UNINITIALIZED_AUTOS = YES_AGGRESSIVE;
				GCC_WARN_UNUSED_FUNCTION = YES;
				GCC_WARN_UNUSED_VARIABLE = YES;
				IPHONEOS_DEPLOYMENT_TARGET = 17.2;
				LOCALIZATION_PREFERS_STRING_CATALOGS = YES;
				MTL_ENABLE_DEBUG_INFO = INCLUDE_SOURCE;
				MTL_FAST_MATH = YES;
				ONLY_ACTIVE_ARCH = YES;
				SDKROOT = iphoneos;
				SWIFT_ACTIVE_COMPILATION_CONDITIONS = "DEBUG $(inherited)";
				SWIFT_OPTIMIZATION_LEVEL = "-Onone";
			};
			name = Debug;
		};
		1FBBDC7D2B3651100051E85E /* Release */ = {
			isa = XCBuildConfiguration;
			buildSettings = {
				ALWAYS_SEARCH_USER_PATHS = NO;
				ASSETCATALOG_COMPILER_GENERATE_SWIFT_ASSET_SYMBOL_EXTENSIONS = YES;
				CLANG_ANALYZER_NONNULL = YES;
				CLANG_ANALYZER_NUMBER_OBJECT_CONVERSION = YES_AGGRESSIVE;
				CLANG_CXX_LANGUAGE_STANDARD = "gnu++20";
				CLANG_ENABLE_MODULES = YES;
				CLANG_ENABLE_OBJC_ARC = YES;
				CLANG_ENABLE_OBJC_WEAK = YES;
				CLANG_WARN_BLOCK_CAPTURE_AUTORELEASING = YES;
				CLANG_WARN_BOOL_CONVERSION = YES;
				CLANG_WARN_COMMA = YES;
				CLANG_WARN_CONSTANT_CONVERSION = YES;
				CLANG_WARN_DEPRECATED_OBJC_IMPLEMENTATIONS = YES;
				CLANG_WARN_DIRECT_OBJC_ISA_USAGE = YES_ERROR;
				CLANG_WARN_DOCUMENTATION_COMMENTS = YES;
				CLANG_WARN_EMPTY_BODY = YES;
				CLANG_WARN_ENUM_CONVERSION = YES;
				CLANG_WARN_INFINITE_RECURSION = YES;
				CLANG_WARN_INT_CONVERSION = YES;
				CLANG_WARN_NON_LITERAL_NULL_CONVERSION = YES;
				CLANG_WARN_OBJC_IMPLICIT_RETAIN_SELF = YES;
				CLANG_WARN_OBJC_LITERAL_CONVERSION = YES;
				CLANG_WARN_OBJC_ROOT_CLASS = YES_ERROR;
				CLANG_WARN_QUOTED_INCLUDE_IN_FRAMEWORK_HEADER = YES;
				CLANG_WARN_RANGE_LOOP_ANALYSIS = YES;
				CLANG_WARN_STRICT_PROTOTYPES = YES;
				CLANG_WARN_SUSPICIOUS_MOVE = YES;
				CLANG_WARN_UNGUARDED_AVAILABILITY = YES_AGGRESSIVE;
				CLANG_WARN_UNREACHABLE_CODE = YES;
				CLANG_WARN__DUPLICATE_METHOD_MATCH = YES;
				COPY_PHASE_STRIP = NO;
				DEBUG_INFORMATION_FORMAT = "dwarf-with-dsym";
				ENABLE_NS_ASSERTIONS = NO;
				ENABLE_STRICT_OBJC_MSGSEND = YES;
				ENABLE_USER_SCRIPT_SANDBOXING = NO;
				GCC_C_LANGUAGE_STANDARD = gnu17;
				GCC_NO_COMMON_BLOCKS = YES;
				GCC_WARN_64_TO_32_BIT_CONVERSION = YES;
				GCC_WARN_ABOUT_RETURN_TYPE = YES_ERROR;
				GCC_WARN_UNDECLARED_SELECTOR = YES;
				GCC_WARN_UNINITIALIZED_AUTOS = YES_AGGRESSIVE;
				GCC_WARN_UNUSED_FUNCTION = YES;
				GCC_WARN_UNUSED_VARIABLE = YES;
				IPHONEOS_DEPLOYMENT_TARGET = 17.2;
				LOCALIZATION_PREFERS_STRING_CATALOGS = YES;
				MTL_ENABLE_DEBUG_INFO = NO;
				MTL_FAST_MATH = YES;
				SDKROOT = iphoneos;
				SWIFT_COMPILATION_MODE = wholemodule;
				VALIDATE_PRODUCT = YES;
			};
			name = Release;
		};
		1FBBDC7F2B3651100051E85E /* Debug */ = {
			isa = XCBuildConfiguration;
			baseConfigurationReference = 2330E4475378D562C5389425 /* Pods-Skillbox-M19.debug.xcconfig */;
			buildSettings = {
				ASSETCATALOG_COMPILER_APPICON_NAME = AppIcon;
				ASSETCATALOG_COMPILER_GLOBAL_ACCENT_COLOR_NAME = AccentColor;
				CODE_SIGN_STYLE = Automatic;
				CURRENT_PROJECT_VERSION = 1;
				DEVELOPMENT_TEAM = 596W22CA4H;
				GENERATE_INFOPLIST_FILE = YES;
				INFOPLIST_FILE = "Skillbox-M19/Info.plist";
				INFOPLIST_KEY_UIApplicationSupportsIndirectInputEvents = YES;
				INFOPLIST_KEY_UILaunchStoryboardName = LaunchScreen;
				INFOPLIST_KEY_UIMainStoryboardFile = Main;
				INFOPLIST_KEY_UISupportedInterfaceOrientations_iPad = "UIInterfaceOrientationPortrait UIInterfaceOrientationPortraitUpsideDown UIInterfaceOrientationLandscapeLeft UIInterfaceOrientationLandscapeRight";
				INFOPLIST_KEY_UISupportedInterfaceOrientations_iPhone = "UIInterfaceOrientationPortrait UIInterfaceOrientationLandscapeLeft UIInterfaceOrientationLandscapeRight";
				LD_RUNPATH_SEARCH_PATHS = (
					"$(inherited)",
					"@executable_path/Frameworks",
				);
				MARKETING_VERSION = 1.0;
				PRODUCT_BUNDLE_IDENTIFIER = "moroz.Skillbox-M19";
				PRODUCT_NAME = "$(TARGET_NAME)";
				SWIFT_EMIT_LOC_STRINGS = YES;
				SWIFT_VERSION = 5.0;
				TARGETED_DEVICE_FAMILY = "1,2";
			};
			name = Debug;
		};
		1FBBDC802B3651100051E85E /* Release */ = {
			isa = XCBuildConfiguration;
			baseConfigurationReference = 90CF03A0D56009A5B4B98DEE /* Pods-Skillbox-M19.release.xcconfig */;
			buildSettings = {
				ASSETCATALOG_COMPILER_APPICON_NAME = AppIcon;
				ASSETCATALOG_COMPILER_GLOBAL_ACCENT_COLOR_NAME = AccentColor;
				CODE_SIGN_STYLE = Automatic;
				CURRENT_PROJECT_VERSION = 1;
				DEVELOPMENT_TEAM = 596W22CA4H;
				GENERATE_INFOPLIST_FILE = YES;
				INFOPLIST_FILE = "Skillbox-M19/Info.plist";
				INFOPLIST_KEY_UIApplicationSupportsIndirectInputEvents = YES;
				INFOPLIST_KEY_UILaunchStoryboardName = LaunchScreen;
				INFOPLIST_KEY_UIMainStoryboardFile = Main;
				INFOPLIST_KEY_UISupportedInterfaceOrientations_iPad = "UIInterfaceOrientationPortrait UIInterfaceOrientationPortraitUpsideDown UIInterfaceOrientationLandscapeLeft UIInterfaceOrientationLandscapeRight";
				INFOPLIST_KEY_UISupportedInterfaceOrientations_iPhone = "UIInterfaceOrientationPortrait UIInterfaceOrientationLandscapeLeft UIInterfaceOrientationLandscapeRight";
				LD_RUNPATH_SEARCH_PATHS = (
					"$(inherited)",
					"@executable_path/Frameworks",
				);
				MARKETING_VERSION = 1.0;
				PRODUCT_BUNDLE_IDENTIFIER = "moroz.Skillbox-M19";
				PRODUCT_NAME = "$(TARGET_NAME)";
				SWIFT_EMIT_LOC_STRINGS = YES;
				SWIFT_VERSION = 5.0;
				TARGETED_DEVICE_FAMILY = "1,2";
			};
			name = Release;
		};
/* End XCBuildConfiguration section */

/* Begin XCConfigurationList section */
		1FBBDC652B36510E0051E85E /* Build configuration list for PBXProject "Skillbox-M19" */ = {
			isa = XCConfigurationList;
			buildConfigurations = (
				1FBBDC7C2B3651100051E85E /* Debug */,
				1FBBDC7D2B3651100051E85E /* Release */,
			);
			defaultConfigurationIsVisible = 0;
			defaultConfigurationName = Release;
		};
		1FBBDC7E2B3651100051E85E /* Build configuration list for PBXNativeTarget "Skillbox-M19" */ = {
			isa = XCConfigurationList;
			buildConfigurations = (
				1FBBDC7F2B3651100051E85E /* Debug */,
				1FBBDC802B3651100051E85E /* Release */,
			);
			defaultConfigurationIsVisible = 0;
			defaultConfigurationName = Release;
		};
/* End XCConfigurationList section */
	};
	rootObject = 1FBBDC622B36510E0051E85E /* Project object */;
}
